
Microsoft Visual Studio Solution File, Format Version 12.00
# Visual Studio Version 17
VisualStudioVersion = 17.0.31903.59
MinimumVisualStudioVersion = 10.0.40219.1
Project("{FAE04EC0-301F-11D3-BF4B-00C04F79EFBC}") = "SFMLUIControls", "SFMLUIControls\SFMLUIControls.csproj", "{F33EF1A0-4CF1-4626-8F8E-3AC468103B3A}"
EndProject
Project("{FAE04EC0-301F-11D3-BF4B-00C04F79EFBC}") = "UIControlsTest", "UIControlsTest\UIControlsTest.csproj", "{4380DB2C-3215-4860-B13D-8995C64A88DD}"
	ProjectSection(ProjectDependencies) = postProject
		{F33EF1A0-4CF1-4626-8F8E-3AC468103B3A} = {F33EF1A0-4CF1-4626-8F8E-3AC468103B3A}
	EndProjectSection
EndProject
Global
	GlobalSection(SolutionConfigurationPlatforms) = preSolution
		Debug|Any CPU = Debug|Any CPU
		Release|Any CPU = Release|Any CPU
	EndGlobalSection
	GlobalSection(ProjectConfigurationPlatforms) = postSolution
		{F33EF1A0-4CF1-4626-8F8E-3AC468103B3A}.Debug|Any CPU.ActiveCfg = Debug|Any CPU
		{F33EF1A0-4CF1-4626-8F8E-3AC468103B3A}.Debug|Any CPU.Build.0 = Debug|Any CPU
		{F33EF1A0-4CF1-4626-8F8E-3AC468103B3A}.Release|Any CPU.ActiveCfg = Release|Any CPU
		{F33EF1A0-4CF1-4626-8F8E-3AC468103B3A}.Release|Any CPU.Build.0 = Release|Any CPU
		{4380DB2C-3215-4860-B13D-8995C64A88DD}.Debug|Any CPU.ActiveCfg = Debug|Any CPU
		{4380DB2C-3215-4860-B13D-8995C64A88DD}.Debug|Any CPU.Build.0 = Debug|Any CPU
		{4380DB2C-3215-4860-B13D-8995C64A88DD}.Release|Any CPU.ActiveCfg = Release|Any CPU
		{4380DB2C-3215-4860-B13D-8995C64A88DD}.Release|Any CPU.Build.0 = Release|Any CPU
	EndGlobalSection
	GlobalSection(SolutionProperties) = preSolution
		HideSolutionNode = FALSE
	EndGlobalSection
	GlobalSection(ExtensibilityGlobals) = postSolution
		SolutionGuid = {A2A11BDB-9D5C-4192-8AC5-200FA8F3E7F2}
	EndGlobalSection
EndGlobal
