
Microsoft Visual Studio Solution File, Format Version 12.00
# Visual Studio Version 17
VisualStudioVersion = 17.0.31903.59
MinimumVisualStudioVersion = 10.0.40219.1
Project("{FAE04EC0-301F-11D3-BF4B-00C04F79EFBC}") = "SFMLUIComponentsTest", "SFMLUIComponents\SFMLUIComponentsTest.csproj", "{A8BF20E1-BA20-4163-82C2-25266362C994}"
EndProject
Project("{FAE04EC0-301F-11D3-BF4B-00C04F79EFBC}") = "SFMLUIComponentsLibrary", "SFMLUIComponentsLibrary\SFMLUIComponentsLibrary.csproj", "{68AA28D1-ADC8-40CB-A8E4-92AD83A89F19}"
EndProject
Global
	GlobalSection(SolutionConfigurationPlatforms) = preSolution
		Debug|Any CPU = Debug|Any CPU
		Release|Any CPU = Release|Any CPU
	EndGlobalSection
	GlobalSection(ProjectConfigurationPlatforms) = postSolution
		{A8BF20E1-BA20-4163-82C2-25266362C994}.Debug|Any CPU.ActiveCfg = Debug|Any CPU
		{A8BF20E1-BA20-4163-82C2-25266362C994}.Debug|Any CPU.Build.0 = Debug|Any CPU
		{A8BF20E1-BA20-4163-82C2-25266362C994}.Release|Any CPU.ActiveCfg = Release|Any CPU
		{A8BF20E1-BA20-4163-82C2-25266362C994}.Release|Any CPU.Build.0 = Release|Any CPU
		{68AA28D1-ADC8-40CB-A8E4-92AD83A89F19}.Debug|Any CPU.ActiveCfg = Debug|Any CPU
		{68AA28D1-ADC8-40CB-A8E4-92AD83A89F19}.Debug|Any CPU.Build.0 = Debug|Any CPU
		{68AA28D1-ADC8-40CB-A8E4-92AD83A89F19}.Release|Any CPU.ActiveCfg = Release|Any CPU
		{68AA28D1-ADC8-40CB-A8E4-92AD83A89F19}.Release|Any CPU.Build.0 = Release|Any CPU
	EndGlobalSection
	GlobalSection(SolutionProperties) = preSolution
		HideSolutionNode = FALSE
	EndGlobalSection
	GlobalSection(ExtensibilityGlobals) = postSolution
		SolutionGuid = {A9CA04EF-7EE7-4C4C-B9E6-7BCD6A6C0B17}
	EndGlobalSection
EndGlobal
